// !$*UTF8*$!
{ archiveVersion = 1; classes = {}; objectVersion = 56; objects = {
A000000000000000000000001 = {isa = PBXFileReference; lastKnownFileType = sourcecode.swift; path = WorkspaceHealthApp.swift; sourceTree = "<group>"; };
B000000000000000000000001 = {isa = PBXBuildFile; fileRef = A000000000000000000000001; };
A000000000000000000000002 = {isa = PBXFileReference; lastKnownFileType = sourcecode.swift; path = BridgeClient.swift; sourceTree = "<group>"; };
B000000000000000000000002 = {isa = PBXBuildFile; fileRef = A000000000000000000000002; };
A000000000000000000000003 = {isa = PBXFileReference; lastKnownFileType = sourcecode.swift; path = HealthStore.swift; sourceTree = "<group>"; };
B000000000000000000000003 = {isa = PBXBuildFile; fileRef = A000000000000000000000003; };
C00000000000000000000001 = {isa = PBXProject; attributes = { LastUpgradeCheck = 2620; }; buildConfigurationList = C00000000000000000000002; compatibilityVersion = "Xcode 14.0"; developmentRegion = en; hasScannedForEncodings = 0; knownRegions = (en, Base); mainGroup = C00000000000000000000003; productRefGroup = C00000000000000000000004; projectDirPath = ""; projectRoot = ""; targets = (C00000000000000000000005); };
C00000000000000000000002 = {isa = XCConfigurationList; buildConfigurations = (D00000000000000000000001, D00000000000000000000002); defaultConfigurationIsVisible = 0; defaultConfigurationName = Release; };
C00000000000000000000003 = {isa = PBXGroup; children = (C00000000000000000000006, C00000000000000000000004); sourceTree = "<group>"; };
C00000000000000000000004 = {isa = PBXGroup; name = Products; children = (C00000000000000000000007); sourceTree = "<group>"; };
C00000000000000000000005 = {isa = PBXNativeTarget; buildConfigurationList = C00000000000000000000008; buildPhases = (C00000000000000000000009, C0000000000000000000000A, C0000000000000000000000B); buildRules = (); dependencies = (); name = WorkspaceHealth; productName = WorkspaceHealth; productReference = C00000000000000000000007; productType = "com.apple.product-type.application"; };
C00000000000000000000006 = {isa = PBXGroup; path = WorkspaceHealth; children = (A000000000000000000000001, A000000000000000000000002, A000000000000000000000003); sourceTree = "<group>"; };
C00000000000000000000007 = {isa = PBXFileReference; explicitFileType = wrapper.application; includeInIndex = 0; path = WorkspaceHealth.app; sourceTree = BUILT_PRODUCTS_DIR; };
C00000000000000000000008 = {isa = XCConfigurationList; buildConfigurations = (D00000000000000000000003, D00000000000000000000004); defaultConfigurationIsVisible = 0; defaultConfigurationName = Release; };
C00000000000000000000009 = {isa = PBXSourcesBuildPhase; buildActionMask = 2147483647; files = (B000000000000000000000001, B000000000000000000000002, B000000000000000000000003); runOnlyForDeploymentPostprocessing = 0; };
C0000000000000000000000A = {isa = PBXFrameworksBuildPhase; buildActionMask = 2147483647; files = (); runOnlyForDeploymentPostprocessing = 0; };
C0000000000000000000000B = {isa = PBXResourcesBuildPhase; buildActionMask = 2147483647; files = (); runOnlyForDeploymentPostprocessing = 0; };
D00000000000000000000001 = {isa = XCBuildConfiguration; name = Debug; buildSettings = { CLANG_ENABLE_MODULES = YES; SWIFT_OPTIMIZATION_LEVEL = "-Onone"; DEBUG_INFORMATION_FORMAT = dwarf; }; };
D00000000000000000000002 = {isa = XCBuildConfiguration; name = Release; buildSettings = { CLANG_ENABLE_MODULES = YES; SWIFT_OPTIMIZATION_LEVEL = "-O"; }; };
D00000000000000000000003 = {isa = XCBuildConfiguration; name = Debug; buildSettings = {CODE_SIGN_STYLE = Automatic; CODE_SIGN_ENTITLEMENTS = WorkspaceHealth/WorkspaceHealth.entitlements; GENERATE_INFOPLIST_FILE = NO; INFOPLIST_FILE = WorkspaceHealth/Info.plist; IPHONEOS_DEPLOYMENT_TARGET = 17.0; PRODUCT_BUNDLE_IDENTIFIER = com.jordburg.workspace.health; PRODUCT_NAME = "$(TARGET_NAME)"; SDKROOT = iphoneos; SUPPORTED_PLATFORMS = "iphoneos iphonesimulator"; SWIFT_VERSION = 5.0; TARGETED_DEVICE_FAMILY = 1; SUPPORTS_MACCATALYST = NO;}; };
D00000000000000000000004 = {isa = XCBuildConfiguration; name = Release; buildSettings = {CODE_SIGN_STYLE = Automatic; CODE_SIGN_ENTITLEMENTS = WorkspaceHealth/WorkspaceHealth.entitlements; GENERATE_INFOPLIST_FILE = NO; INFOPLIST_FILE = WorkspaceHealth/Info.plist; IPHONEOS_DEPLOYMENT_TARGET = 17.0; PRODUCT_BUNDLE_IDENTIFIER = com.jordburg.workspace.health; PRODUCT_NAME = "$(TARGET_NAME)"; SDKROOT = iphoneos; SUPPORTED_PLATFORMS = "iphoneos iphonesimulator"; SWIFT_VERSION = 5.0; TARGETED_DEVICE_FAMILY = 1; SUPPORTS_MACCATALYST = NO;}; };
}; rootObject = C00000000000000000000001; }
